
Microsoft Visual Studio Solution File, Format Version 12.00
# Visual Studio Version 16
VisualStudioVersion = 16.0.29806.167
MinimumVisualStudioVersion = 10.0.40219.1
Project("{2150E333-8FDC-42A3-9474-1A3956D46DE8}") = "Solution Items", "Solution Items", "{CBCFE7C7-5306-4BB7-8B64-939B4A9E3865}"
	ProjectSection(SolutionItems) = preProject
		LICENSE.txt = LICENSE.txt
		README.md = README.md
	EndProjectSection
EndProject
Project("{9A19103F-16F7-4668-BE54-9A1E7A4F7556}") = "CarbonitePersist", "CarbonitePersist\CarbonitePersist.csproj", "{730B8D98-128E-47F9-9AA0-2D186CBEA4CB}"
EndProject
Project("{9A19103F-16F7-4668-BE54-9A1E7A4F7556}") = "CarbonitePersist.ManualTests", "CarbonitePersist.ManualTests\CarbonitePersist.ManualTests.csproj", "{5BF979CC-0D99-45D7-976A-A0989A466CCB}"
EndProject
Project("{9A19103F-16F7-4668-BE54-9A1E7A4F7556}") = "CarbonitePersist.IntegrationTests", "CarbonitePersist.IntegrationTests\CarbonitePersist.IntegrationTests.csproj", "{A5508743-C4E9-4880-951F-ECD0FAD7BE33}"
EndProject
Global
	GlobalSection(SolutionConfigurationPlatforms) = preSolution
		Debug|Any CPU = Debug|Any CPU
		Release|Any CPU = Release|Any CPU
	EndGlobalSection
	GlobalSection(ProjectConfigurationPlatforms) = postSolution
		{730B8D98-128E-47F9-9AA0-2D186CBEA4CB}.Debug|Any CPU.ActiveCfg = Debug|Any CPU
		{730B8D98-128E-47F9-9AA0-2D186CBEA4CB}.Debug|Any CPU.Build.0 = Debug|Any CPU
		{730B8D98-128E-47F9-9AA0-2D186CBEA4CB}.Release|Any CPU.ActiveCfg = Release|Any CPU
		{730B8D98-128E-47F9-9AA0-2D186CBEA4CB}.Release|Any CPU.Build.0 = Release|Any CPU
		{5BF979CC-0D99-45D7-976A-A0989A466CCB}.Debug|Any CPU.ActiveCfg = Debug|Any CPU
		{5BF979CC-0D99-45D7-976A-A0989A466CCB}.Debug|Any CPU.Build.0 = Debug|Any CPU
		{5BF979CC-0D99-45D7-976A-A0989A466CCB}.Release|Any CPU.ActiveCfg = Release|Any CPU
		{5BF979CC-0D99-45D7-976A-A0989A466CCB}.Release|Any CPU.Build.0 = Release|Any CPU
		{A5508743-C4E9-4880-951F-ECD0FAD7BE33}.Debug|Any CPU.ActiveCfg = Debug|Any CPU
		{A5508743-C4E9-4880-951F-ECD0FAD7BE33}.Debug|Any CPU.Build.0 = Debug|Any CPU
		{A5508743-C4E9-4880-951F-ECD0FAD7BE33}.Release|Any CPU.ActiveCfg = Release|Any CPU
		{A5508743-C4E9-4880-951F-ECD0FAD7BE33}.Release|Any CPU.Build.0 = Release|Any CPU
	EndGlobalSection
	GlobalSection(SolutionProperties) = preSolution
		HideSolutionNode = FALSE
	EndGlobalSection
	GlobalSection(ExtensibilityGlobals) = postSolution
		SolutionGuid = {9332AEBA-259B-46DA-B755-FEE682BC2240}
	EndGlobalSection
EndGlobal
